{
    "_readme": [
        "This file locks the dependencies of your project to a known state",
        "Read more about it at https://getcomposer.org/doc/01-basic-usage.md#installing-dependencies",
        "This file is @generated automatically"
    ],
    "content-hash": "f7541e4bdd4a7917b1ad4195bd9b60cf",
    "packages": [
        {
            "name": "aliyuncs/oss-sdk-php",
            "version": "v2.4.1",
            "source": {
                "type": "git",
                "url": "https://github.com/aliyun/aliyun-oss-php-sdk.git",
                "reference": "492866331b7bafaac09506cf42f351b7e9e63766"
            },
            "dist": {
                "type": "zip",
                "url": "https://api.github.com/repos/aliyun/aliyun-oss-php-sdk/zipball/492866331b7bafaac09506cf42f351b7e9e63766",
                "reference": "492866331b7bafaac09506cf42f351b7e9e63766",
                "shasum": "",
                "mirrors": [
                    {
                        "url": "https://mirrors.aliyun.com/composer/dists/%package%/%reference%.%type%",
                        "preferred": true
                    }
                ]
            },
            "require": {
                "php": ">=5.3"
            },
            "require-dev": {
                "phpunit/phpunit": "~4.0",
                "satooshi/php-coveralls": "~1.0"
            },
            "type": "library",
            "autoload": {
                "psr-4": {
                    "OSS\\": "src/OSS"
                }
            },
            "notification-url": "https://packagist.org/downloads/",
            "license": [
                "MIT"
            ],
            "authors": [
                {
                    "name": "Aliyuncs",
                    "homepage": "http://www.aliyun.com"
                }
            ],
            "description": "Aliyun OSS SDK for PHP",
            "homepage": "http://www.aliyun.com/product/oss/",
            "time": "2020-09-29T06:23:57+00:00"
        },
        {
            "name": "bacon/bacon-qr-code",
            "version": "2.0.3",
            "source": {
                "type": "git",
                "url": "https://github.com/Bacon/BaconQrCode.git",
                "reference": "3e9d791b67d0a2912922b7b7c7312f4b37af41e4"
            },
            "dist": {
                "type": "zip",
                "url": "https://api.github.com/repos/Bacon/BaconQrCode/zipball/3e9d791b67d0a2912922b7b7c7312f4b37af41e4",
                "reference": "3e9d791b67d0a2912922b7b7c7312f4b37af41e4",
                "shasum": "",
                "mirrors": [
                    {
                        "url": "https://mirrors.aliyun.com/composer/dists/%package%/%reference%.%type%",
                        "preferred": true
                    }
                ]
            },
            "require": {
                "dasprid/enum": "^1.0.3",
                "ext-iconv": "*",
                "php": "^7.1 || ^8.0"
            },
            "require-dev": {
                "phly/keep-a-changelog": "^1.4",
                "phpunit/phpunit": "^7 | ^8 | ^9",
                "squizlabs/php_codesniffer": "^3.4"
            },
            "suggest": {
                "ext-imagick": "to generate QR code images"
            },
            "type": "library",
            "autoload": {
                "psr-4": {
                    "BaconQrCode\\": "src/"
                }
            },
            "notification-url": "https://packagist.org/downloads/",
            "license": [
                "BSD-2-Clause"
            ],
            "authors": [
                {
                    "name": "Ben Scholzen 'DASPRiD'",
                    "email": "mail@dasprids.de",
                    "homepage": "https://dasprids.de/",
                    "role": "Developer"
                }
            ],
            "description": "BaconQrCode is a QR code generator for PHP.",
            "homepage": "https://github.com/Bacon/BaconQrCode",
            "time": "2020-10-30T02:02:47+00:00"
        },
        {
            "name": "dasprid/enum",
            "version": "1.0.3",
            "source": {
                "type": "git",
                "url": "https://github.com/DASPRiD/Enum.git",
                "reference": "5abf82f213618696dda8e3bf6f64dd042d8542b2"
            },
            "dist": {
                "type": "zip",
                "url": "https://api.github.com/repos/DASPRiD/Enum/zipball/5abf82f213618696dda8e3bf6f64dd042d8542b2",
                "reference": "5abf82f213618696dda8e3bf6f64dd042d8542b2",
                "shasum": "",
                "mirrors": [
                    {
                        "url": "https://mirrors.aliyun.com/composer/dists/%package%/%reference%.%type%",
                        "preferred": true
                    }
                ]
            },
            "require-dev": {
                "phpunit/phpunit": "^7 | ^8 | ^9",
                "squizlabs/php_codesniffer": "^3.4"
            },
            "type": "library",
            "autoload": {
                "psr-4": {
                    "DASPRiD\\Enum\\": "src/"
                }
            },
            "notification-url": "https://packagist.org/downloads/",
            "license": [
                "BSD-2-Clause"
            ],
            "authors": [
                {
                    "name": "Ben Scholzen 'DASPRiD'",
                    "email": "mail@dasprids.de",
                    "homepage": "https://dasprids.de/",
                    "role": "Developer"
                }
            ],
            "description": "PHP 7.1 enum implementation",
            "keywords": [
                "enum",
                "map"
            ],
            "time": "2020-10-02T16:03:48+00:00"
        },
        {
            "name": "davidnineroc/qrcodeplus",
            "version": "v1.0.1",
            "source": {
                "type": "git",
                "url": "https://github.com/DavidNineRoc/qrcodeplus.git",
                "reference": "f50c8014aba5987c6d9dd854a8c7e073eb5a7e81"
            },
            "dist": {
                "type": "zip",
                "url": "https://api.github.com/repos/DavidNineRoc/qrcodeplus/zipball/f50c8014aba5987c6d9dd854a8c7e073eb5a7e81",
                "reference": "f50c8014aba5987c6d9dd854a8c7e073eb5a7e81",
                "shasum": "",
                "mirrors": [
                    {
                        "url": "https://mirrors.aliyun.com/composer/dists/%package%/%reference%.%type%",
                        "preferred": true
                    }
                ]
            },
            "require": {
                "endroid/qr-code": "^3.0@dev",
                "php": ">=7.1"
            },
            "require-dev": {
                "phpmd/phpmd": "@stable",
                "phpunit/phpunit": "6.2"
            },
            "type": "library",
            "autoload": {
                "psr-4": {
                    "DavidNineRoc\\Qrcode\\": "src/"
                }
            },
            "notification-url": "https://packagist.org/downloads/",
            "license": [
                "MIT"
            ],
            "authors": [
                {
                    "name": "DavidNineRoc",
                    "email": "1033404553@qq.com"
                }
            ],
            "description": "可以生成四色， 九色， 十六色， 背景图二维码， 彩色二维码！",
            "keywords": [
                "DavidNineRoc",
                "multicolour",
                "polychrome",
                "qrcode",
                "qrcodeplus",
                "彩色二维码"
            ],
            "abandoned": true,
            "time": "2018-08-16T02:33:29+00:00"
        },
        {
            "name": "endroid/qr-code",
            "version": "3.5.9",
            "source": {
                "type": "git",
                "url": "https://github.com/endroid/qr-code.git",
                "reference": "ae14093866558c1d91aa1f9b0ca07c09a95effc7"
            },
            "dist": {
                "type": "zip",
                "url": "https://api.github.com/repos/endroid/qr-code/zipball/ae14093866558c1d91aa1f9b0ca07c09a95effc7",
                "reference": "ae14093866558c1d91aa1f9b0ca07c09a95effc7",
                "shasum": "",
                "mirrors": [
                    {
                        "url": "https://mirrors.aliyun.com/composer/dists/%package%/%reference%.%type%",
                        "preferred": true
                    }
                ]
            },
            "require": {
                "bacon/bacon-qr-code": "^2.0",
                "ext-gd": "*",
                "khanamiryan/qrcode-detector-decoder": "^1.0.2",
                "myclabs/php-enum": "^1.5",
                "php": ">=7.1",
                "symfony/options-resolver": "^2.7|^3.0|^4.0",
                "symfony/property-access": "^2.7|^3.0|^4.0"
            },
            "require-dev": {
                "phpunit/phpunit": "^5.7|^6.0"
            },
            "suggest": {
                "symfony/http-foundation": "Install if you want to use QrCodeResponse"
            },
            "type": "library",
            "extra": {
                "branch-alias": {
                    "dev-master": "3.x-dev"
                }
            },
            "autoload": {
                "psr-4": {
                    "Endroid\\QrCode\\": "src/"
                }
            },
            "notification-url": "https://packagist.org/downloads/",
            "license": [
                "MIT"
            ],
            "authors": [
                {
                    "name": "Jeroen van den Enden",
                    "email": "info@endroid.nl"
                }
            ],
            "description": "Endroid QR Code",
            "homepage": "https://github.com/endroid/qr-code",
            "keywords": [
                "bundle",
                "code",
                "endroid",
                "php",
                "qr",
                "qrcode"
            ],
            "time": "2019-11-15T12:32:01+00:00"
        },
        {
            "name": "guzzle/guzzle",
            "version": "v3.9.3",
            "source": {
                "type": "git",
                "url": "https://github.com/guzzle/guzzle3.git",
                "reference": "0645b70d953bc1c067bbc8d5bc53194706b628d9"
            },
            "dist": {
                "type": "zip",
                "url": "https://api.github.com/repos/guzzle/guzzle3/zipball/0645b70d953bc1c067bbc8d5bc53194706b628d9",
                "reference": "0645b70d953bc1c067bbc8d5bc53194706b628d9",
                "shasum": "",
                "mirrors": [
                    {
                        "url": "https://mirrors.aliyun.com/composer/dists/%package%/%reference%.%type%",
                        "preferred": true
                    }
                ]
            },
            "require": {
                "ext-curl": "*",
                "php": ">=5.3.3",
                "symfony/event-dispatcher": "~2.1"
            },
            "replace": {
                "guzzle/batch": "self.version",
                "guzzle/cache": "self.version",
                "guzzle/common": "self.version",
                "guzzle/http": "self.version",
                "guzzle/inflection": "self.version",
                "guzzle/iterator": "self.version",
                "guzzle/log": "self.version",
                "guzzle/parser": "self.version",
                "guzzle/plugin": "self.version",
                "guzzle/plugin-async": "self.version",
                "guzzle/plugin-backoff": "self.version",
                "guzzle/plugin-cache": "self.version",
                "guzzle/plugin-cookie": "self.version",
                "guzzle/plugin-curlauth": "self.version",
                "guzzle/plugin-error-response": "self.version",
                "guzzle/plugin-history": "self.version",
                "guzzle/plugin-log": "self.version",
                "guzzle/plugin-md5": "self.version",
                "guzzle/plugin-mock": "self.version",
                "guzzle/plugin-oauth": "self.version",
                "guzzle/service": "self.version",
                "guzzle/stream": "self.version"
            },
            "require-dev": {
                "doctrine/cache": "~1.3",
                "monolog/monolog": "~1.0",
                "phpunit/phpunit": "3.7.*",
                "psr/log": "~1.0",
                "symfony/class-loader": "~2.1",
                "zendframework/zend-cache": "2.*,<2.3",
                "zendframework/zend-log": "2.*,<2.3"
            },
            "suggest": {
                "guzzlehttp/guzzle": "Guzzle 5 has moved to a new package name. The package you have installed, Guzzle 3, is deprecated."
            },
            "type": "library",
            "extra": {
                "branch-alias": {
                    "dev-master": "3.9-dev"
                }
            },
            "autoload": {
                "psr-0": {
                    "Guzzle": "src/",
                    "Guzzle\\Tests": "tests/"
                }
            },
            "notification-url": "https://packagist.org/downloads/",
            "license": [
                "MIT"
            ],
            "authors": [
                {
                    "name": "Michael Dowling",
                    "email": "mtdowling@gmail.com",
                    "homepage": "https://github.com/mtdowling"
                },
                {
                    "name": "Guzzle Community",
                    "homepage": "https://github.com/guzzle/guzzle/contributors"
                }
            ],
            "description": "PHP HTTP client. This library is deprecated in favor of https://packagist.org/packages/guzzlehttp/guzzle",
            "homepage": "http://guzzlephp.org/",
            "keywords": [
                "client",
                "curl",
                "framework",
                "http",
                "http client",
                "rest",
                "web service"
            ],
            "abandoned": "guzzlehttp/guzzle",
            "time": "2015-03-18T18:23:50+00:00"
        },
        {
            "name": "khanamiryan/qrcode-detector-decoder",
            "version": "1.0.3",
            "source": {
                "type": "git",
                "url": "https://github.com/khanamiryan/php-qrcode-detector-decoder.git",
                "reference": "89b57f2d9939dd57394b83f6ccbd3e1a74659e34"
            },
            "dist": {
                "type": "zip",
                "url": "https://api.github.com/repos/khanamiryan/php-qrcode-detector-decoder/zipball/89b57f2d9939dd57394b83f6ccbd3e1a74659e34",
                "reference": "89b57f2d9939dd57394b83f6ccbd3e1a74659e34",
                "shasum": "",
                "mirrors": [
                    {
                        "url": "https://mirrors.aliyun.com/composer/dists/%package%/%reference%.%type%",
                        "preferred": true
                    }
                ]
            },
            "require": {
                "php": "^5.6|^7.0"
            },
            "require-dev": {
                "phpunit/phpunit": "^5.7"
            },
            "type": "library",
            "autoload": {
                "psr-4": {
                    "Zxing\\": "lib/"
                },
                "files": [
                    "lib/Common/customFunctions.php"
                ]
            },
            "notification-url": "https://packagist.org/downloads/",
            "license": [
                "MIT"
            ],
            "authors": [
                {
                    "name": "Ashot Khanamiryan",
                    "email": "a.khanamiryan@gmail.com",
                    "homepage": "https://github.com/khanamiryan",
                    "role": "Developer"
                }
            ],
            "description": "QR code decoder / reader",
            "homepage": "https://github.com/khanamiryan/php-qrcode-detector-decoder/",
            "keywords": [
                "barcode",
                "qr",
                "zxing"
            ],
            "time": "2020-04-19T16:18:51+00:00"
        },
        {
            "name": "kosinix/grafika",
            "version": "dev-master",
            "source": {
                "type": "git",
                "url": "https://github.com/kosinix/grafika.git",
                "reference": "211f61fc334b8b36616b23e8af7c5727971d96ee"
            },
            "dist": {
                "type": "zip",
                "url": "https://api.github.com/repos/kosinix/grafika/zipball/211f61fc334b8b36616b23e8af7c5727971d96ee",
                "reference": "211f61fc334b8b36616b23e8af7c5727971d96ee",
                "shasum": "",
                "mirrors": [
                    {
                        "url": "https://mirrors.aliyun.com/composer/dists/%package%/%reference%.%type%",
                        "preferred": true
                    }
                ]
            },
            "require": {
                "php": ">=5.3"
            },
            "type": "library",
            "autoload": {
                "psr-4": {
                    "Grafika\\": "src/Grafika"
                }
            },
            "notification-url": "https://packagist.org/downloads/",
            "license": [
                "MIT",
                "GPL-2.0+"
            ],
            "authors": [
                {
                    "name": "Nico Amarilla",
                    "homepage": "https://www.kosinix.com"
                }
            ],
            "description": "An image manipulation library for PHP.",
            "homepage": "http://kosinix.github.io/grafika",
            "keywords": [
                "grafika"
            ],
            "time": "2017-06-20T03:13:49+00:00"
        },
        {
            "name": "lvht/geohash",
            "version": "v1.1.0",
            "source": {
                "type": "git",
                "url": "https://github.com/lvht/geohash.git",
                "reference": "bbba3e1b487f0ec2e5e666c1bc9d1d4277990a29"
            },
            "dist": {
                "type": "zip",
                "url": "https://api.github.com/repos/lvht/geohash/zipball/bbba3e1b487f0ec2e5e666c1bc9d1d4277990a29",
                "reference": "bbba3e1b487f0ec2e5e666c1bc9d1d4277990a29",
                "shasum": "",
                "mirrors": [
                    {
                        "url": "https://mirrors.aliyun.com/composer/dists/%package%/%reference%.%type%",
                        "preferred": true
                    }
                ]
            },
            "require": {
                "php": ">=5.4.0"
            },
            "type": "library",
            "autoload": {
                "psr-4": {
                    "Lvht\\": "src"
                }
            },
            "notification-url": "https://packagist.org/downloads/",
            "license": [
                "MIT"
            ],
            "authors": [
                {
                    "name": "吕海涛",
                    "email": "git@lvht.net",
                    "homepage": "https://github.com/lvht"
                }
            ],
            "description": "geohash like python-geohash",
            "homepage": "http://github.com/lvht/geohash",
            "keywords": [
                "geohash"
            ],
            "time": "2017-08-24T11:05:30+00:00"
        },
        {
            "name": "myclabs/php-enum",
            "version": "1.7.6",
            "source": {
                "type": "git",
                "url": "https://github.com/myclabs/php-enum.git",
                "reference": "5f36467c7a87e20fbdc51e524fd8f9d1de80187c"
            },
            "dist": {
                "type": "zip",
                "url": "https://api.github.com/repos/myclabs/php-enum/zipball/5f36467c7a87e20fbdc51e524fd8f9d1de80187c",
                "reference": "5f36467c7a87e20fbdc51e524fd8f9d1de80187c",
                "shasum": "",
                "mirrors": [
                    {
                        "url": "https://mirrors.aliyun.com/composer/dists/%package%/%reference%.%type%",
                        "preferred": true
                    }
                ]
            },
            "require": {
                "ext-json": "*",
                "php": ">=7.1"
            },
            "require-dev": {
                "phpunit/phpunit": "^7",
                "squizlabs/php_codesniffer": "1.*",
                "vimeo/psalm": "^3.8"
            },
            "type": "library",
            "autoload": {
                "psr-4": {
                    "MyCLabs\\Enum\\": "src/"
                }
            },
            "notification-url": "https://packagist.org/downloads/",
            "license": [
                "MIT"
            ],
            "authors": [
                {
                    "name": "PHP Enum contributors",
                    "homepage": "https://github.com/myclabs/php-enum/graphs/contributors"
                }
            ],
            "description": "PHP Enum implementation",
            "homepage": "http://github.com/myclabs/php-enum",
            "keywords": [
                "enum"
            ],
            "time": "2020-02-14T08:15:52+00:00"
        },
        {
            "name": "qcloud/cos-sdk-v5",
            "version": "v1.3.4",
            "source": {
                "type": "git",
                "url": "https://github.com/tencentyun/cos-php-sdk-v5.git",
                "reference": "1b32aa422f6dffe4ea411e5095e4b0da9135551b"
            },
            "dist": {
                "type": "zip",
                "url": "https://api.github.com/repos/tencentyun/cos-php-sdk-v5/zipball/1b32aa422f6dffe4ea411e5095e4b0da9135551b",
                "reference": "1b32aa422f6dffe4ea411e5095e4b0da9135551b",
                "shasum": "",
                "mirrors": [
                    {
                        "url": "https://mirrors.aliyun.com/composer/dists/%package%/%reference%.%type%",
                        "preferred": true
                    }
                ]
            },
            "require": {
                "guzzle/guzzle": "~3.7",
                "php": ">=5.3.0"
            },
            "type": "library",
            "autoload": {
                "psr-0": {
                    "Qcloud\\Cos\\": "src/"
                }
            },
            "notification-url": "https://packagist.org/downloads/",
            "license": [
                "MIT"
            ],
            "authors": [
                {
                    "name": "yaozongyou",
                    "email": "yaozongyou@vip.qq.com"
                },
                {
                    "name": "lewzylu",
                    "email": "327874225@qq.com"
                }
            ],
            "description": "PHP SDK for QCloud COS",
            "keywords": [
                "cos",
                "php",
                "qcloud"
            ],
            "time": "2019-09-02T12:08:44+00:00"
        },
        {
            "name": "qiniu/php-sdk",
            "version": "v7.3.0",
            "source": {
                "type": "git",
                "url": "https://github.com/qiniu/php-sdk.git",
                "reference": "0a461e13b09545b23df361843c6a65fdd3a26426"
            },
            "dist": {
                "type": "zip",
                "url": "https://api.github.com/repos/qiniu/php-sdk/zipball/0a461e13b09545b23df361843c6a65fdd3a26426",
                "reference": "0a461e13b09545b23df361843c6a65fdd3a26426",
                "shasum": "",
                "mirrors": [
                    {
                        "url": "https://mirrors.aliyun.com/composer/dists/%package%/%reference%.%type%",
                        "preferred": true
                    }
                ]
            },
            "require": {
                "php": ">=5.3.3"
            },
            "require-dev": {
                "phpunit/phpunit": "~4.0",
                "squizlabs/php_codesniffer": "~2.3"
            },
            "type": "library",
            "autoload": {
                "psr-4": {
                    "Qiniu\\": "src/Qiniu"
                },
                "files": [
                    "src/Qiniu/functions.php"
                ]
            },
            "notification-url": "https://packagist.org/downloads/",
            "license": [
                "MIT"
            ],
            "authors": [
                {
                    "name": "Qiniu",
                    "email": "sdk@qiniu.com",
                    "homepage": "http://www.qiniu.com"
                }
            ],
            "description": "Qiniu Resource (Cloud) Storage SDK for PHP",
            "homepage": "http://developer.qiniu.com/",
            "keywords": [
                "cloud",
                "qiniu",
                "sdk",
                "storage"
            ],
            "time": "2020-09-24T07:31:29+00:00"
        },
        {
            "name": "symfony/event-dispatcher",
            "version": "v2.8.52",
            "source": {
                "type": "git",
                "url": "https://github.com/symfony/event-dispatcher.git",
                "reference": "a77e974a5fecb4398833b0709210e3d5e334ffb0"
            },
            "dist": {
                "type": "zip",
                "url": "https://api.github.com/repos/symfony/event-dispatcher/zipball/a77e974a5fecb4398833b0709210e3d5e334ffb0",
                "reference": "a77e974a5fecb4398833b0709210e3d5e334ffb0",
                "shasum": "",
                "mirrors": [
                    {
                        "url": "https://mirrors.aliyun.com/composer/dists/%package%/%reference%.%type%",
                        "preferred": true
                    }
                ]
            },
            "require": {
                "php": ">=5.3.9"
            },
            "require-dev": {
                "psr/log": "~1.0",
                "symfony/config": "^2.0.5|~3.0.0",
                "symfony/dependency-injection": "~2.6|~3.0.0",
                "symfony/expression-language": "~2.6|~3.0.0",
                "symfony/stopwatch": "~2.3|~3.0.0"
            },
            "suggest": {
                "symfony/dependency-injection": "",
                "symfony/http-kernel": ""
            },
            "type": "library",
            "extra": {
                "branch-alias": {
                    "dev-master": "2.8-dev"
                }
            },
            "autoload": {
                "psr-4": {
                    "Symfony\\Component\\EventDispatcher\\": ""
                },
                "exclude-from-classmap": [
                    "/Tests/"
                ]
            },
            "notification-url": "https://packagist.org/downloads/",
            "license": [
                "MIT"
            ],
            "authors": [
                {
                    "name": "Fabien Potencier",
                    "email": "fabien@symfony.com"
                },
                {
                    "name": "Symfony Community",
                    "homepage": "https://symfony.com/contributors"
                }
            ],
            "description": "Symfony EventDispatcher Component",
            "homepage": "https://symfony.com",
            "time": "2018-11-21T14:20:20+00:00"
        },
        {
            "name": "symfony/inflector",
            "version": "v4.4.16",
            "source": {
                "type": "git",
                "url": "https://github.com/symfony/inflector.git",
                "reference": "a2ca868d7fc02800db67d1e1b6e5c83882d2aaa6"
            },
            "dist": {
                "type": "zip",
                "url": "https://api.github.com/repos/symfony/inflector/zipball/a2ca868d7fc02800db67d1e1b6e5c83882d2aaa6",
                "reference": "a2ca868d7fc02800db67d1e1b6e5c83882d2aaa6",
                "shasum": "",
                "mirrors": [
                    {
                        "url": "https://mirrors.aliyun.com/composer/dists/%package%/%reference%.%type%",
                        "preferred": true
                    }
                ]
            },
            "require": {
                "php": ">=7.1.3",
                "symfony/polyfill-ctype": "~1.8"
            },
            "type": "library",
            "autoload": {
                "psr-4": {
                    "Symfony\\Component\\Inflector\\": ""
                },
                "exclude-from-classmap": [
                    "/Tests/"
                ]
            },
            "notification-url": "https://packagist.org/downloads/",
            "license": [
                "MIT"
            ],
            "authors": [
                {
                    "name": "Bernhard Schussek",
                    "email": "bschussek@gmail.com"
                },
                {
                    "name": "Symfony Community",
                    "homepage": "https://symfony.com/contributors"
                }
            ],
            "description": "Symfony Inflector Component",
            "homepage": "https://symfony.com",
            "keywords": [
                "inflection",
                "pluralize",
                "singularize",
                "string",
                "symfony",
                "words"
            ],
            "funding": [
                {
                    "url": "https://symfony.com/sponsor",
                    "type": "custom"
                },
                {
                    "url": "https://github.com/fabpot",
                    "type": "github"
                },
                {
                    "url": "https://tidelift.com/funding/github/packagist/symfony/symfony",
                    "type": "tidelift"
                }
            ],
            "time": "2020-10-24T11:50:19+00:00"
        },
        {
            "name": "symfony/options-resolver",
            "version": "v4.4.16",
            "source": {
                "type": "git",
                "url": "https://github.com/symfony/options-resolver.git",
                "reference": "157a252222251310fe50c71012b4e72f01325850"
            },
            "dist": {
                "type": "zip",
                "url": "https://api.github.com/repos/symfony/options-resolver/zipball/157a252222251310fe50c71012b4e72f01325850",
                "reference": "157a252222251310fe50c71012b4e72f01325850",
                "shasum": "",
                "mirrors": [
                    {
                        "url": "https://mirrors.aliyun.com/composer/dists/%package%/%reference%.%type%",
                        "preferred": true
                    }
                ]
            },
            "require": {
                "php": ">=7.1.3"
            },
            "type": "library",
            "autoload": {
                "psr-4": {
                    "Symfony\\Component\\OptionsResolver\\": ""
                },
                "exclude-from-classmap": [
                    "/Tests/"
                ]
            },
            "notification-url": "https://packagist.org/downloads/",
            "license": [
                "MIT"
            ],
            "authors": [
                {
                    "name": "Fabien Potencier",
                    "email": "fabien@symfony.com"
                },
                {
                    "name": "Symfony Community",
                    "homepage": "https://symfony.com/contributors"
                }
            ],
            "description": "Symfony OptionsResolver Component",
            "homepage": "https://symfony.com",
            "keywords": [
                "config",
                "configuration",
                "options"
            ],
            "funding": [
                {
                    "url": "https://symfony.com/sponsor",
                    "type": "custom"
                },
                {
                    "url": "https://github.com/fabpot",
                    "type": "github"
                },
                {
                    "url": "https://tidelift.com/funding/github/packagist/symfony/symfony",
                    "type": "tidelift"
                }
            ],
            "time": "2020-10-24T11:50:19+00:00"
        },
        {
            "name": "symfony/polyfill-ctype",
            "version": "v1.20.0",
            "source": {
                "type": "git",
                "url": "https://github.com/symfony/polyfill-ctype.git",
                "reference": "f4ba089a5b6366e453971d3aad5fe8e897b37f41"
            },
            "dist": {
                "type": "zip",
                "url": "https://api.github.com/repos/symfony/polyfill-ctype/zipball/f4ba089a5b6366e453971d3aad5fe8e897b37f41",
                "reference": "f4ba089a5b6366e453971d3aad5fe8e897b37f41",
                "shasum": "",
                "mirrors": [
                    {
                        "url": "https://mirrors.aliyun.com/composer/dists/%package%/%reference%.%type%",
                        "preferred": true
                    }
                ]
            },
            "require": {
                "php": ">=7.1"
            },
            "suggest": {
                "ext-ctype": "For best performance"
            },
            "type": "library",
            "extra": {
                "branch-alias": {
                    "dev-main": "1.20-dev"
                },
                "thanks": {
                    "name": "symfony/polyfill",
                    "url": "https://github.com/symfony/polyfill"
                }
            },
            "autoload": {
                "psr-4": {
                    "Symfony\\Polyfill\\Ctype\\": ""
                },
                "files": [
                    "bootstrap.php"
                ]
            },
            "notification-url": "https://packagist.org/downloads/",
            "license": [
                "MIT"
            ],
            "authors": [
                {
                    "name": "Gert de Pagter",
                    "email": "BackEndTea@gmail.com"
                },
                {
                    "name": "Symfony Community",
                    "homepage": "https://symfony.com/contributors"
                }
            ],
            "description": "Symfony polyfill for ctype functions",
            "homepage": "https://symfony.com",
            "keywords": [
                "compatibility",
                "ctype",
                "polyfill",
                "portable"
            ],
            "funding": [
                {
                    "url": "https://symfony.com/sponsor",
                    "type": "custom"
                },
                {
                    "url": "https://github.com/fabpot",
                    "type": "github"
                },
                {
                    "url": "https://tidelift.com/funding/github/packagist/symfony/symfony",
                    "type": "tidelift"
                }
            ],
            "time": "2020-10-23T14:02:19+00:00"
        },
        {
            "name": "symfony/property-access",
            "version": "v4.4.16",
            "source": {
                "type": "git",
                "url": "https://github.com/symfony/property-access.git",
                "reference": "3d97341e820c248f8dc0b6b5bf991964bda5a3ac"
            },
            "dist": {
                "type": "zip",
                "url": "https://api.github.com/repos/symfony/property-access/zipball/3d97341e820c248f8dc0b6b5bf991964bda5a3ac",
                "reference": "3d97341e820c248f8dc0b6b5bf991964bda5a3ac",
                "shasum": "",
                "mirrors": [
                    {
                        "url": "https://mirrors.aliyun.com/composer/dists/%package%/%reference%.%type%",
                        "preferred": true
                    }
                ]
            },
            "require": {
                "php": ">=7.1.3",
                "symfony/inflector": "^3.4|^4.0|^5.0"
            },
            "require-dev": {
                "symfony/cache": "^3.4|^4.0|^5.0"
            },
            "suggest": {
                "psr/cache-implementation": "To cache access methods."
            },
            "type": "library",
            "autoload": {
                "psr-4": {
                    "Symfony\\Component\\PropertyAccess\\": ""
                },
                "exclude-from-classmap": [
                    "/Tests/"
                ]
            },
            "notification-url": "https://packagist.org/downloads/",
            "license": [
                "MIT"
            ],
            "authors": [
                {
                    "name": "Fabien Potencier",
                    "email": "fabien@symfony.com"
                },
                {
                    "name": "Symfony Community",
                    "homepage": "https://symfony.com/contributors"
                }
            ],
            "description": "Symfony PropertyAccess Component",
            "homepage": "https://symfony.com",
            "keywords": [
                "access",
                "array",
                "extraction",
                "index",
                "injection",
                "object",
                "property",
                "property path",
                "reflection"
            ],
            "funding": [
                {
                    "url": "https://symfony.com/sponsor",
                    "type": "custom"
                },
                {
                    "url": "https://github.com/fabpot",
                    "type": "github"
                },
                {
                    "url": "https://tidelift.com/funding/github/packagist/symfony/symfony",
                    "type": "tidelift"
                }
            ],
            "time": "2020-10-24T11:50:19+00:00"
        },
        {
            "name": "tinymeng/code",
            "version": "dev-master",
            "source": {
                "type": "git",
                "url": "https://github.com/majiameng/phpQrCode.git",
                "reference": "a5a6ba189f18a8e1f826dfa4994e26da5714d8ad"
            },
            "dist": {
                "type": "zip",
                "url": "https://api.github.com/repos/majiameng/phpQrCode/zipball/a5a6ba189f18a8e1f826dfa4994e26da5714d8ad",
                "reference": "a5a6ba189f18a8e1f826dfa4994e26da5714d8ad",
                "shasum": "",
                "mirrors": [
                    {
                        "url": "https://mirrors.aliyun.com/composer/dists/%package%/%reference%.%type%",
                        "preferred": true
                    }
                ]
            },
            "require": {
                "php": ">=5.4.0",
                "tinymeng/tools": "^1.0.7"
            },
            "type": "library",
            "autoload": {
                "psr-4": {
                    "tinymeng\\code\\": "src"
                }
            },
            "notification-url": "https://packagist.org/downloads/",
            "license": [
                "MIT"
            ],
            "authors": [
                {
                    "name": "TinyMeng",
                    "email": "666@majiameng.com",
                    "homepage": "https://majiameng.com"
                }
            ],
            "description": "php生成条形码或者二维码QRcode",
            "keywords": [
                "code",
                "qrcode",
                "tinymeng"
            ],
            "time": "2020-03-28T10:11:51+00:00"
        },
        {
            "name": "tinymeng/tools",
            "version": "v1.1.1",
            "source": {
                "type": "git",
                "url": "https://github.com/majiameng/tools.git",
                "reference": "840f881878d376a4966140b670dffa17828bcc6d"
            },
            "dist": {
                "type": "zip",
                "url": "https://api.github.com/repos/majiameng/tools/zipball/840f881878d376a4966140b670dffa17828bcc6d",
                "reference": "840f881878d376a4966140b670dffa17828bcc6d",
                "shasum": "",
                "mirrors": [
                    {
                        "url": "https://mirrors.aliyun.com/composer/dists/%package%/%reference%.%type%",
                        "preferred": true
                    }
                ]
            },
            "require": {
                "php": ">=7.1.0"
            },
            "type": "library",
            "autoload": {
                "psr-4": {
                    "tinymeng\\tools\\": "src"
                },
                "files": []
            },
            "notification-url": "https://packagist.org/downloads/",
            "license": [
                "MIT"
            ],
            "authors": [
                {
                    "name": "JiaMeng Ma",
                    "email": "666@majiameng.com",
                    "homepage": "http://majiameng.com"
                }
            ],
            "description": "Integrate third-party logins",
            "keywords": [
                "php",
                "php-tools",
                "tinymeng",
                "tools"
            ],
            "time": "2020-08-17T13:34:11+00:00"
        },
        {
            "name": "topthink/framework",
            "version": "v5.0.24",
            "source": {
                "type": "git",
                "url": "https://github.com/top-think/framework.git",
                "reference": "c255c22b2f5fa30f320ecf6c1d29f7740eb3e8be"
            },
            "dist": {
                "type": "zip",
                "url": "https://api.github.com/repos/top-think/framework/zipball/c255c22b2f5fa30f320ecf6c1d29f7740eb3e8be",
                "reference": "c255c22b2f5fa30f320ecf6c1d29f7740eb3e8be",
                "shasum": "",
                "mirrors": [
                    {
                        "url": "https://mirrors.aliyun.com/composer/dists/%package%/%reference%.%type%",
                        "preferred": true
                    }
                ]
            },
            "require": {
                "php": ">=5.4.0",
                "topthink/think-installer": "~1.0"
            },
            "require-dev": {
                "johnkary/phpunit-speedtrap": "^1.0",
                "mikey179/vfsstream": "~1.6",
                "phpdocumentor/reflection-docblock": "^2.0",
                "phploc/phploc": "2.*",
                "phpunit/phpunit": "4.8.*",
                "sebastian/phpcpd": "2.*"
            },
            "type": "think-framework",
            "autoload": {
                "psr-4": {
                    "think\\": "library/think"
                }
            },
            "notification-url": "https://packagist.org/downloads/",
            "license": [
                "Apache-2.0"
            ],
            "authors": [
                {
                    "name": "liu21st",
                    "email": "liu21st@gmail.com"
                }
            ],
            "description": "the new thinkphp framework",
            "homepage": "http://thinkphp.cn/",
            "keywords": [
                "framework",
                "orm",
                "thinkphp"
            ],
            "time": "2019-01-11T08:04:58+00:00"
        },
        {
            "name": "topthink/think-helper",
            "version": "v3.1.4",
            "source": {
                "type": "git",
                "url": "https://github.com/top-think/think-helper.git",
                "reference": "c28d37743bda4a0455286ca85b17b5791d626e10"
            },
            "dist": {
                "type": "zip",
                "url": "https://api.github.com/repos/top-think/think-helper/zipball/c28d37743bda4a0455286ca85b17b5791d626e10",
                "reference": "c28d37743bda4a0455286ca85b17b5791d626e10",
                "shasum": "",
                "mirrors": [
                    {
                        "url": "https://mirrors.aliyun.com/composer/dists/%package%/%reference%.%type%",
                        "preferred": true
                    }
                ]
            },
            "require": {
                "php": ">=7.1.0"
            },
            "type": "library",
            "autoload": {
                "psr-4": {
                    "think\\": "src"
                },
                "files": [
                    "src/helper.php"
                ]
            },
            "notification-url": "https://packagist.org/downloads/",
            "license": [
                "Apache-2.0"
            ],
            "authors": [
                {
                    "name": "yunwuxin",
                    "email": "448901948@qq.com"
                }
            ],
            "description": "The ThinkPHP6 Helper Package",
            "time": "2019-11-08T08:01:10+00:00"
        },
        {
            "name": "topthink/think-installer",
            "version": "v1.0.13",
            "source": {
                "type": "git",
                "url": "https://github.com/top-think/think-installer.git",
                "reference": "532dc02efb3d8332b36fd8f63fc4f56aeb1987e7"
            },
            "dist": {
                "type": "zip",
                "url": "https://api.github.com/repos/top-think/think-installer/zipball/532dc02efb3d8332b36fd8f63fc4f56aeb1987e7",
                "reference": "532dc02efb3d8332b36fd8f63fc4f56aeb1987e7",
                "shasum": "",
                "mirrors": [
                    {
                        "url": "https://mirrors.aliyun.com/composer/dists/%package%/%reference%.%type%",
                        "preferred": true
                    }
                ]
            },
            "require": {
                "composer-plugin-api": "^1.0||^2.0"
            },
            "require-dev": {
                "composer/composer": "^1.0||^2.0"
            },
            "type": "composer-plugin",
            "extra": {
                "class": "think\\composer\\Plugin"
            },
            "autoload": {
                "psr-4": {
                    "think\\composer\\": "src"
                }
            },
            "notification-url": "https://packagist.org/downloads/",
            "license": [
                "Apache-2.0"
            ],
            "authors": [
                {
                    "name": "yunwuxin",
                    "email": "448901948@qq.com"
                }
            ],
            "time": "2020-10-27T05:39:37+00:00"
        },
        {
            "name": "topthink/think-queue",
            "version": "v1.1.6",
            "source": {
                "type": "git",
                "url": "https://github.com/top-think/think-queue.git",
                "reference": "250650eb0e8ea5af4cfdc7ae46f3f4e0a24ac245"
            },
            "dist": {
                "type": "zip",
                "url": "https://api.github.com/repos/top-think/think-queue/zipball/250650eb0e8ea5af4cfdc7ae46f3f4e0a24ac245",
                "reference": "250650eb0e8ea5af4cfdc7ae46f3f4e0a24ac245",
                "shasum": "",
                "mirrors": [
                    {
                        "url": "https://mirrors.aliyun.com/composer/dists/%package%/%reference%.%type%",
                        "preferred": true
                    }
                ]
            },
            "require": {
                "topthink/think-helper": ">=1.0.4",
                "topthink/think-installer": ">=1.0.10"
            },
            "require-dev": {
                "topthink/framework": "~5.0.0"
            },
            "type": "think-extend",
            "extra": {
                "think-config": {
                    "queue": "src/config.php"
                }
            },
            "autoload": {
                "psr-4": {
                    "think\\": "src"
                },
                "files": [
                    "src/common.php"
                ]
            },
            "notification-url": "https://packagist.org/downloads/",
            "license": [
                "Apache-2.0"
            ],
            "authors": [
                {
                    "name": "yunwuxin",
                    "email": "448901948@qq.com"
                }
            ],
            "description": "The ThinkPHP5 Queue Package",
            "time": "2018-10-15T10:16:55+00:00"
        }
    ],
    "packages-dev": [],
    "aliases": [],
    "minimum-stability": "stable",
    "stability-flags": {
        "kosinix/grafika": 20,
        "tinymeng/code": 20
    },
    "prefer-stable": false,
    "prefer-lowest": false,
    "platform": {
        "php": ">=5.4.0",
        "ext-pdo": "*",
        "ext-curl": "*",
        "ext-json": "*",
        "ext-bcmath": "*",
        "ext-gd": "*",
        "ext-openssl": "*",
        "ext-libxml": "*",
        "ext-simplexml": "*",
        "ext-zlib": "*"
    },
    "platform-dev": [],
    "plugin-api-version": "1.1.0"
}
